
Microsoft Visual Studio Solution File, Format Version 12.00
# Visual Studio Version 17
VisualStudioVersion = 17.1.32421.90
MinimumVisualStudioVersion = 10.0.40219.1
Project("{FAE04EC0-301F-11D3-BF4B-00C04F79EFBC}") = "TelegramBot", "TelegramBot\TelegramBot.csproj", "{08364B11-87CF-4938-86DF-1D63D2DAEF7F}"
EndProject
Global
	GlobalSection(SolutionConfigurationPlatforms) = preSolution
		Debug|Any CPU = Debug|Any CPU
		Release|Any CPU = Release|Any CPU
	EndGlobalSection
	GlobalSection(ProjectConfigurationPlatforms) = postSolution
		{08364B11-87CF-4938-86DF-1D63D2DAEF7F}.Debug|Any CPU.ActiveCfg = Debug|Any CPU
		{08364B11-87CF-4938-86DF-1D63D2DAEF7F}.Debug|Any CPU.Build.0 = Debug|Any CPU
		{08364B11-87CF-4938-86DF-1D63D2DAEF7F}.Release|Any CPU.ActiveCfg = Release|Any CPU
		{08364B11-87CF-4938-86DF-1D63D2DAEF7F}.Release|Any CPU.Build.0 = Release|Any CPU
	EndGlobalSection
	GlobalSection(SolutionProperties) = preSolution
		HideSolutionNode = FALSE
	EndGlobalSection
	GlobalSection(ExtensibilityGlobals) = postSolution
		SolutionGuid = {E77E8598-8C6E-4D16-86C2-6EC3E9873159}
	EndGlobalSection
EndGlobal
